
Microsoft Visual Studio Solution File, Format Version 11.00
# Visual Studio 2010
Project("{FAE04EC0-301F-11D3-BF4B-00C04F79EFBC}") = "variables", "variables\variables.csproj", "{ECE8258E-C73E-4050-B82F-E8B22C46ADAC}"
EndProject
Global
	GlobalSection(SolutionConfigurationPlatforms) = preSolution
		Debug|x86 = Debug|x86
		Release|x86 = Release|x86
	EndGlobalSection
	GlobalSection(ProjectConfigurationPlatforms) = postSolution
		{ECE8258E-C73E-4050-B82F-E8B22C46ADAC}.Debug|x86.ActiveCfg = Debug|x86
		{ECE8258E-C73E-4050-B82F-E8B22C46ADAC}.Debug|x86.Build.0 = Debug|x86
		{ECE8258E-C73E-4050-B82F-E8B22C46ADAC}.Release|x86.ActiveCfg = Release|x86
		{ECE8258E-C73E-4050-B82F-E8B22C46ADAC}.Release|x86.Build.0 = Release|x86
	EndGlobalSection
	GlobalSection(SolutionProperties) = preSolution
		HideSolutionNode = FALSE
	EndGlobalSection
EndGlobal
